github.com/Masterminds/semver/v3 v3.2.0 h1:3MEsd0SM6jqZojhjLWWeBY+Kcjy9i6MQAeY7YgDP83g=
github.com/Masterminds/semver/v3 v3.2.0/go.mod h1:qvl/7zhW3nngYb5+80sSMF+FG2BjYrf8m9wsX0PNOMQ=
github.com/aws/aws-cdk-go/awscdk v1.195.0-devpreview h1:BPFnGsV3yZ0myqiN9HAl3AAw3pGjd1n+j/h/QSVZOOA=
github.com/aws/aws-cdk-go/awscdk v1.195.0-devpreview/go.mod h1:HPs15vMAudAJZXOxjlyL2Vfq/SdIdOuKOkb7m0vrQL8=
github.com/aws/aws-cdk-go/awscdk/v2 v2.67.0 h1:fKxY8oYygqp5rScwd6SaPLVM85uK3WrFDOcknn/zo3Q=
github.com/aws/aws-cdk-go/awscdk/v2 v2.67.0/go.mod h1:VUgy7k4jFLyep9Mm4f1aKLpji2w5nQs7mxDrw49SN40=
github.com/aws/aws-cdk-go/awscdklambdagoalpha/v2 v2.67.0-alpha.0 h1:cXOv4mHsSPoH0mc4Rc51Oi4GBIJc+f7i23XI3v7ZazA=
github.com/aws/aws-cdk-go/awscdklambdagoalpha/v2 v2.67.0-alpha.0/go.mod h1:L71u1Ag/lWzZucBp2VEtLDul+WKH7bXdg33hJwjzo4k=
github.com/aws/aws-lambda-go v1.38.0 h1:4CUdxGzvuQp0o8Zh7KtupB9XvCiiY8yKqJtzco+gsDw=
github.com/aws/aws-lambda-go v1.38.0/go.mod h1:jwFe2KmMsHmffA1X2R09hH6lFzJQxzI8qK17ewzbQMM=
github.com/aws/constructs-go/constructs/v10 v10.1.264 h1:9rSZpmOV65fSAUtSiLLi0T9gvLIJApm2p/JgNiryVd4=
github.com/aws/constructs-go/constructs/v10 v10.1.264/go.mod h1:H7d+FYvledkYjLK+8cUqu+gMD5sA6VoMMbvVzLNzu98=
github.com/aws/constructs-go/constructs/v3 v3.4.232 h1:YLw1wSu8/qqmacsZWPXI+qFNu4ml2YZwtRZHL2gaB8M=
github.com/aws/constructs-go/constructs/v3 v3.4.232/go.mod h1:ejR5Hd2llgfqo68taM7H/hnri4hrHObbsqbT6YySLMI=
github.com/aws/jsii-runtime-go v1.76.0 h1:LGkSEhyVgZTAN2axMdGNwpVk+DIJ8jg7iUn9gy7h74k=
github.com/aws/jsii-runtime-go v1.76.0/go.mod h1:1YWJ9VJ3bwe03Nsq2rsGFA0uQIiJZo0FEKfxK6j7cGg=
github.com/cdklabs/awscdk-asset-awscli-go/awscliv1/v2 v2.2.85 h1:jBShDV9n1+A4UBPL/C6j8i5r5/CTdu6sfDY/AC3kn2g=
github.com/cdklabs/awscdk-asset-awscli-go/awscliv1/v2 v2.2.85/go.mod h1:nvX6KMbARCyDZKawXh7LoWP4GYtKNQs2gzl9OPOKCq8=
github.com/cdklabs/awscdk-asset-kubectl-go/kubectlv20/v2 v2.1.1 h1:l5N27aCCjAB5cgW5pI4/ujnasPL8hUcJ9KBxrKk6UiQ=
github.com/cdklabs/awscdk-asset-kubectl-go/kubectlv20/v2 v2.1.1/go.mod h1:CvFHBo0qcg8LUkJqIxQtP1rD/sNGv9bX3L2vHT2FUAo=
github.com/cdklabs/awscdk-asset-node-proxy-agent-go/nodeproxyagentv5/v2 v2.0.71 h1:w+FklmvxhlhA+lUbruXHNdLXqBhPBXZ0ZoFso++H1/8=
github.com/cdklabs/awscdk-asset-node-proxy-agent-go/nodeproxyagentv5/v2 v2.0.71/go.mod h1:ZB4c64jFJQ+AlbT/4PyAXD0tBKtHijCYPuTn7x7NKro=
github.com/davecgh/go-spew v1.1.0/go.mod h1:J7Y8YcW2NihsgmVo/mv3lAwl/skON4iLHjSsI+c5H38=
github.com/davecgh/go-spew v1.1.1 h1:vj9j/u1bqnvCEfJOwUhtlOARqs3+rkHYY13jYWTU97c=
github.com/davecgh/go-spew v1.1.1/go.mod h1:J7Y8YcW2NihsgmVo/mv3lAwl/skON4iLHjSsI+c5H38=
github.com/pmezard/go-difflib v1.0.0 h1:4DBwDE0NGyQoBHbLQYPwSUPoCMWR5BEzIk/f1lZbAQM=
github.com/pmezard/go-difflib v1.0.0/go.mod h1:iKH77koFhYxTK1pcRnkKkqfTogsbg7gZNVY4sRDYZ/4=
github.com/stretchr/objx v0.1.0/go.mod h1:HFkY916IF+rwdDfMAkV7OtwuqBVzrE8GR6GFx+wExME=
github.com/stretchr/objx v0.4.0/go.mod h1:YvHI0jy2hoMjB+UWwv71VJQ9isScKT/TqJzVSSt89Yw=
github.com/stretchr/objx v0.5.0/go.mod h1:Yh+to48EsGEfYuaHDzXPcE3xhTkx73EhmCGUpEOglKo=
github.com/stretchr/testify v1.7.1/go.mod h1:6Fq8oRcR53rry900zMqJjRRixrwX3KX962/h/Wwjteg=
github.com/stretchr/testify v1.8.0/go.mod h1:yNjHg4UonilssWZ8iaSj1OCr/vHnekPRkoO+kdMU+MU=
github.com/stretchr/testify v1.8.2 h1:+h33VjcLVPDHtOdpUCuF+7gSuG3yGIftsP1YvFihtJ8=
github.com/stretchr/testify v1.8.2/go.mod h1:w2LPCIKwWwSfY2zedu0+kehJoqGctiVI29o6fzry7u4=
gopkg.in/check.v1 v0.0.0-20161208181325-20d25e280405/go.mod h1:Co6ibVJAznAaIkqp8huTwlJQCZ016jof/cbN4VW5Yz0=
gopkg.in/yaml.v3 v3.0.0-20200313102051-9f266ea9e77c/go.mod h1:K4uyk7z7BCEPqu6E+C64Yfv1cQ7kz7rIZviUmN+EgEM=
gopkg.in/yaml.v3 v3.0.1 h1:fxVm/GzAzEWqLHuvctI91KS9hhNmmWOoWu0XTYJS7CA=
gopkg.in/yaml.v3 v3.0.1/go.mod h1:K4uyk7z7BCEPqu6E+C64Yfv1cQ7kz7rIZviUmN+EgEM=
